
Microsoft Visual Studio Solution File, Format Version 12.00
# Visual Studio Version 17
VisualStudioVersion = 17.5.001.0
MinimumVisualStudioVersion = 10.0.40219.1
Project("{9A19103F-16F7-4668-BE54-9A1E7A4F7556}") = "JustCrud", "JustCrud.csproj", "{7008E134-F20C-40F5-A457-A9DE8B0F6C6A}"
EndProject
Global
	GlobalSection(SolutionConfigurationPlatforms) = preSolution
		Debug|Any CPU = Debug|Any CPU
		Release|Any CPU = Release|Any CPU
	EndGlobalSection
	GlobalSection(ProjectConfigurationPlatforms) = postSolution
		{7008E134-F20C-40F5-A457-A9DE8B0F6C6A}.Debug|Any CPU.ActiveCfg = Debug|Any CPU
		{7008E134-F20C-40F5-A457-A9DE8B0F6C6A}.Debug|Any CPU.Build.0 = Debug|Any CPU
		{7008E134-F20C-40F5-A457-A9DE8B0F6C6A}.Release|Any CPU.ActiveCfg = Release|Any CPU
		{7008E134-F20C-40F5-A457-A9DE8B0F6C6A}.Release|Any CPU.Build.0 = Release|Any CPU
	EndGlobalSection
	GlobalSection(SolutionProperties) = preSolution
		HideSolutionNode = FALSE
	EndGlobalSection
	GlobalSection(ExtensibilityGlobals) = postSolution
		SolutionGuid = {E90E0A27-98E2-4B1F-AC70-E2083442DD10}
	EndGlobalSection
EndGlobal
